lockfileVersion: '9.0'

settings:
  autoInstallPeers: true
  excludeLinksFromLockfile: false

importers:

  .:
    devDependencies:
      prettier:
        specifier: ^3.6.2
        version: 3.6.2
      turbo:
        specifier: ^2.5.8
        version: 2.5.8
      typescript:
        specifier: 5.9.2
        version: 5.9.2

  packages/nuqs-solid:
    dependencies:
      '@standard-schema/spec':
        specifier: 1.0.0
        version: 1.0.0
      '@tanstack/solid-router':
        specifier: ^1.121.3
        version: 1.132.25(solid-js@1.9.9)
      '@types/node':
        specifier: ^24.6.0
        version: 24.6.0
      solid-js:
        specifier: '>= 1.9.4'
        version: 1.9.9

packages:

  '@nothing-but/utils@0.17.0':
    resolution: {integrity: sha512-TuCHcHLOqDL0SnaAxACfuRHBNRgNJcNn9X0GiH5H3YSDBVquCr3qEIG3FOQAuMyZCbu9w8nk2CHhOsn7IvhIwQ==}

  '@solid-devtools/debugger@0.28.1':
    resolution: {integrity: sha512-6qIUI6VYkXoRnL8oF5bvh2KgH71qlJ18hNw/mwSyY6v48eb80ZR48/5PDXufUa3q+MBSuYa1uqTMwLewpay9eg==}
    peerDependencies:
      solid-js: ^1.9.0

  '@solid-devtools/logger@0.9.11':
    resolution: {integrity: sha512-THbiY1iQlieL6vdgJc4FIsLe7V8a57hod/Thm8zdKrTkWL88UPZjkBBfM+mVNGusd4OCnAN20tIFBhNnuT1Dew==}
    peerDependencies:
      solid-js: ^1.9.0

  '@solid-devtools/shared@0.20.0':
    resolution: {integrity: sha512-o5TACmUOQsxpzpOKCjbQqGk8wL8PMi+frXG9WNu4Lh3PQVUB6hs95Kl/S8xc++zwcMguUKZJn8h5URUiMOca6Q==}
    peerDependencies:
      solid-js: ^1.9.0

  '@solid-primitives/bounds@0.1.3':
    resolution: {integrity: sha512-UbiyKMdSPmtijcEDnYLQL3zzaejpwWDAJJ4Gt5P0hgVs6A72piov0GyNw7V2SroH7NZFwxlYS22YmOr8A5xc1Q==}
    peerDependencies:
      solid-js: ^1.6.12

  '@solid-primitives/event-listener@2.4.3':
    resolution: {integrity: sha512-h4VqkYFv6Gf+L7SQj+Y6puigL/5DIi7x5q07VZET7AWcS+9/G3WfIE9WheniHWJs51OEkRB43w6lDys5YeFceg==}
    peerDependencies:
      solid-js: ^1.6.12

  '@solid-primitives/keyboard@1.3.3':
    resolution: {integrity: sha512-9dQHTTgLBqyAI7aavtO+HnpTVJgWQA1ghBSrmLtMu1SMxLPDuLfuNr+Tk5udb4AL4Ojg7h9JrKOGEEDqsJXWJA==}
    peerDependencies:
      solid-js: ^1.6.12

  '@solid-primitives/media@2.3.3':
    resolution: {integrity: sha512-hQ4hLOGvfbugQi5Eu1BFWAIJGIAzztq9x0h02xgBGl2l0Jaa3h7tg6bz5tV1NSuNYVGio4rPoa7zVQQLkkx9dA==}
    peerDependencies:
      solid-js: ^1.6.12

  '@solid-primitives/refs@1.1.2':
    resolution: {integrity: sha512-K7tf2thy7L+YJjdqXspXOg5xvNEOH8tgEWsp0+1mQk3obHBRD6hEjYZk7p7FlJphSZImS35je3UfmWuD7MhDfg==}
    peerDependencies:
      solid-js: ^1.6.12

  '@solid-primitives/resize-observer@2.1.3':
    resolution: {integrity: sha512-zBLje5E06TgOg93S7rGPldmhDnouNGhvfZVKOp+oG2XU8snA+GoCSSCz1M+jpNAg5Ek2EakU5UVQqL152WmdXQ==}
    peerDependencies:
      solid-js: ^1.6.12

  '@solid-primitives/rootless@1.5.2':
    resolution: {integrity: sha512-9HULb0QAzL2r47CCad0M+NKFtQ+LrGGNHZfteX/ThdGvKIg2o2GYhBooZubTCd/RTu2l2+Nw4s+dEfiDGvdrrQ==}
    peerDependencies:
      solid-js: ^1.6.12

  '@solid-primitives/scheduled@1.5.2':
    resolution: {integrity: sha512-/j2igE0xyNaHhj6kMfcUQn5rAVSTLbAX+CDEBm25hSNBmNiHLu2lM7Usj2kJJ5j36D67bE8wR1hBNA8hjtvsQA==}
    peerDependencies:
      solid-js: ^1.6.12

  '@solid-primitives/static-store@0.1.2':
    resolution: {integrity: sha512-ReK+5O38lJ7fT+L6mUFvUr6igFwHBESZF+2Ug842s7fvlVeBdIVEdTCErygff6w7uR6+jrr7J8jQo+cYrEq4Iw==}
    peerDependencies:
      solid-js: ^1.6.12

  '@solid-primitives/styles@0.1.2':
    resolution: {integrity: sha512-7iX5K+J5b1PRrbgw3Ki92uvU2LgQ0Kd/QMsrAZxDg5dpUBwMyTijZkA3bbs1ikZsT1oQhS41bTyKbjrXeU0Awg==}
    peerDependencies:
      solid-js: ^1.6.12

  '@solid-primitives/utils@6.3.2':
    resolution: {integrity: sha512-hZ/M/qr25QOCcwDPOHtGjxTD8w2mNyVAYvcfgwzBHq2RwNqHNdDNsMZYap20+ruRwW4A3Cdkczyoz0TSxLCAPQ==}
    peerDependencies:
      solid-js: ^1.6.12

  '@solidjs/meta@0.29.4':
    resolution: {integrity: sha512-zdIWBGpR9zGx1p1bzIPqF5Gs+Ks/BH8R6fWhmUa/dcK1L2rUC8BAcZJzNRYBQv74kScf1TSOs0EY//Vd/I0V8g==}
    peerDependencies:
      solid-js: '>=1.8.4'

  '@standard-schema/spec@1.0.0':
    resolution: {integrity: sha512-m2bOd0f2RT9k8QJx1JN85cZYyH1RqFBdlwtkSlf4tBDYLCiiZnv1fIIwacK6cqwXavOydf0NPToMQgpKq+dVlA==}

  '@tanstack/history@1.132.21':
    resolution: {integrity: sha512-5ziPz3YarKU5cBJoEJ4muV8cy+5W4oWdJMqW7qosMrK5fb9Qfm+QWX+kO3emKJMu4YOUofVu3toEuuD3x1zXKw==}
    engines: {node: '>=12'}

  '@tanstack/router-core@1.132.21':
    resolution: {integrity: sha512-C+Pe/p6EwMs9DIPBfAXoNtbp1POo/abfl4AEWsDXNAnjVr2OB6aHFMIENUJx1cjs6zUT/4t9FtA/+zptSWtv9A==}
    engines: {node: '>=12'}

  '@tanstack/solid-router@1.132.25':
    resolution: {integrity: sha512-1AVYjC/I+NayF00j6/wL5ndNtGvUyXu+qxSdm2tkkFTScva0v8Lab21AlyWB7CpIrnOuRzDO00reziMLHXd+mA==}
    engines: {node: '>=12'}
    peerDependencies:
      solid-js: ^1.9.5

  '@tanstack/solid-store@0.7.0':
    resolution: {integrity: sha512-uDQYkUuH3MppitiduZLTEcItkTr8vEJ33jzp2rH2VvlNRMGbuU54GQcqf3dLIlTbZ1/Z2TtIBtBjjl+N/OhwRg==}
    peerDependencies:
      solid-js: ^1.6.0

  '@tanstack/store@0.7.0':
    resolution: {integrity: sha512-CNIhdoUsmD2NolYuaIs8VfWM467RK6oIBAW4nPEKZhg1smZ+/CwtCdpURgp7nxSqOaV9oKkzdWD80+bC66F/Jg==}

  '@tanstack/store@0.7.7':
    resolution: {integrity: sha512-xa6pTan1bcaqYDS9BDpSiS63qa6EoDkPN9RsRaxHuDdVDNntzq3xNwR5YKTU/V3SkSyC9T4YVOPh2zRQN0nhIQ==}

  '@types/node@24.6.0':
    resolution: {integrity: sha512-F1CBxgqwOMc4GKJ7eY22hWhBVQuMYTtqI8L0FcszYcpYX0fzfDGpez22Xau8Mgm7O9fI+zA/TYIdq3tGWfweBA==}

  cookie-es@2.0.0:
    resolution: {integrity: sha512-RAj4E421UYRgqokKUmotqAwuplYw15qtdXfY+hGzgCJ/MBjCVZcSoHK/kH9kocfjRjcDME7IiDWR/1WX1TM2Pg==}

  csstype@3.1.3:
    resolution: {integrity: sha512-M1uQkMl8rQK/szD0LNhtqxIPLpimGm8sOBwU7lLnCpSbTyY3yeU1Vc7l4KT5zT4s/yOxHH5O7tIuuLOCnLADRw==}

  isbot@5.1.31:
    resolution: {integrity: sha512-DPgQshehErHAqSCKDb3rNW03pa2wS/v5evvUqtxt6TTnHRqAG8FdzcSSJs9656pK6Y+NT7K9R4acEYXLHYfpUQ==}
    engines: {node: '>=18'}

  prettier@3.6.2:
    resolution: {integrity: sha512-I7AIg5boAr5R0FFtJ6rCfD+LFsWHp81dolrFD8S79U9tb8Az2nGrJncnMSnys+bpQJfRUzqs9hnA81OAA3hCuQ==}
    engines: {node: '>=14'}

  seroval-plugins@1.3.3:
    resolution: {integrity: sha512-16OL3NnUBw8JG1jBLUoZJsLnQq0n5Ua6aHalhJK4fMQkz1lqR7Osz1sA30trBtd9VUDc2NgkuRCn8+/pBwqZ+w==}
    engines: {node: '>=10'}
    peerDependencies:
      seroval: ^1.0

  seroval@1.3.2:
    resolution: {integrity: sha512-RbcPH1n5cfwKrru7v7+zrZvjLurgHhGyso3HTyGtRivGWgYjbOmGuivCQaORNELjNONoK35nj28EoWul9sb1zQ==}
    engines: {node: '>=10'}

  solid-js@1.9.9:
    resolution: {integrity: sha512-A0ZBPJQldAeGCTW0YRYJmt7RCeh5rbFfPZ2aOttgYnctHE7HgKeHCBB/PVc2P7eOfmNXqMFFFoYYdm3S4dcbkA==}

  tiny-invariant@1.3.3:
    resolution: {integrity: sha512-+FbBPE1o9QAYvviau/qC5SE3caw21q3xkvWKBtja5vgqOWIHHJ3ioaq1VPfn/Szqctz2bU/oYeKd9/z5BL+PVg==}

  tiny-warning@1.0.3:
    resolution: {integrity: sha512-lBN9zLN/oAf68o3zNXYrdCt1kP8WsiGW8Oo2ka41b2IM5JL/S1CTyX1rW0mb/zSuJun0ZUrDxx4sqvYS2FWzPA==}

  turbo-darwin-64@2.5.8:
    resolution: {integrity: sha512-Dh5bCACiHO8rUXZLpKw+m3FiHtAp2CkanSyJre+SInEvEr5kIxjGvCK/8MFX8SFRjQuhjtvpIvYYZJB4AGCxNQ==}
    cpu: [x64]
    os: [darwin]

  turbo-darwin-arm64@2.5.8:
    resolution: {integrity: sha512-f1H/tQC9px7+hmXn6Kx/w8Jd/FneIUnvLlcI/7RGHunxfOkKJKvsoiNzySkoHQ8uq1pJnhJ0xNGTlYM48ZaJOQ==}
    cpu: [arm64]
    os: [darwin]

  turbo-linux-64@2.5.8:
    resolution: {integrity: sha512-hMyvc7w7yadBlZBGl/bnR6O+dJTx3XkTeyTTH4zEjERO6ChEs0SrN8jTFj1lueNXKIHh1SnALmy6VctKMGnWfw==}
    cpu: [x64]
    os: [linux]

  turbo-linux-arm64@2.5.8:
    resolution: {integrity: sha512-LQELGa7bAqV2f+3rTMRPnj5G/OHAe2U+0N9BwsZvfMvHSUbsQ3bBMWdSQaYNicok7wOZcHjz2TkESn1hYK6xIQ==}
    cpu: [arm64]
    os: [linux]

  turbo-windows-64@2.5.8:
    resolution: {integrity: sha512-3YdcaW34TrN1AWwqgYL9gUqmZsMT4T7g8Y5Azz+uwwEJW+4sgcJkIi9pYFyU4ZBSjBvkfuPZkGgfStir5BBDJQ==}
    cpu: [x64]
    os: [win32]

  turbo-windows-arm64@2.5.8:
    resolution: {integrity: sha512-eFC5XzLmgXJfnAK3UMTmVECCwuBcORrWdewoiXBnUm934DY6QN8YowC/srhNnROMpaKaqNeRpoB5FxCww3eteQ==}
    cpu: [arm64]
    os: [win32]

  turbo@2.5.8:
    resolution: {integrity: sha512-5c9Fdsr9qfpT3hA0EyYSFRZj1dVVsb6KIWubA9JBYZ/9ZEAijgUEae0BBR/Xl/wekt4w65/lYLTFaP3JmwSO8w==}
    hasBin: true

  typescript@5.9.2:
    resolution: {integrity: sha512-CWBzXQrc/qOkhidw1OzBTQuYRbfyxDXJMVJ1XNwUHGROVmuaeiEm3OslpZ1RV96d7SKKjZKrSJu3+t/xlw3R9A==}
    engines: {node: '>=14.17'}

  undici-types@7.13.0:
    resolution: {integrity: sha512-Ov2Rr9Sx+fRgagJ5AX0qvItZG/JKKoBRAVITs1zk7IqZGTJUwgUr7qoYBpWwakpWilTZFM98rG/AFRocu10iIQ==}

snapshots:

  '@nothing-but/utils@0.17.0': {}

  '@solid-devtools/debugger@0.28.1(solid-js@1.9.9)':
    dependencies:
      '@nothing-but/utils': 0.17.0
      '@solid-devtools/shared': 0.20.0(solid-js@1.9.9)
      '@solid-primitives/bounds': 0.1.3(solid-js@1.9.9)
      '@solid-primitives/event-listener': 2.4.3(solid-js@1.9.9)
      '@solid-primitives/keyboard': 1.3.3(solid-js@1.9.9)
      '@solid-primitives/rootless': 1.5.2(solid-js@1.9.9)
      '@solid-primitives/scheduled': 1.5.2(solid-js@1.9.9)
      '@solid-primitives/static-store': 0.1.2(solid-js@1.9.9)
      '@solid-primitives/utils': 6.3.2(solid-js@1.9.9)
      solid-js: 1.9.9

  '@solid-devtools/logger@0.9.11(solid-js@1.9.9)':
    dependencies:
      '@nothing-but/utils': 0.17.0
      '@solid-devtools/debugger': 0.28.1(solid-js@1.9.9)
      '@solid-devtools/shared': 0.20.0(solid-js@1.9.9)
      '@solid-primitives/utils': 6.3.2(solid-js@1.9.9)
      solid-js: 1.9.9

  '@solid-devtools/shared@0.20.0(solid-js@1.9.9)':
    dependencies:
      '@nothing-but/utils': 0.17.0
      '@solid-primitives/event-listener': 2.4.3(solid-js@1.9.9)
      '@solid-primitives/media': 2.3.3(solid-js@1.9.9)
      '@solid-primitives/refs': 1.1.2(solid-js@1.9.9)
      '@solid-primitives/rootless': 1.5.2(solid-js@1.9.9)
      '@solid-primitives/scheduled': 1.5.2(solid-js@1.9.9)
      '@solid-primitives/static-store': 0.1.2(solid-js@1.9.9)
      '@solid-primitives/styles': 0.1.2(solid-js@1.9.9)
      '@solid-primitives/utils': 6.3.2(solid-js@1.9.9)
      solid-js: 1.9.9

  '@solid-primitives/bounds@0.1.3(solid-js@1.9.9)':
    dependencies:
      '@solid-primitives/event-listener': 2.4.3(solid-js@1.9.9)
      '@solid-primitives/resize-observer': 2.1.3(solid-js@1.9.9)
      '@solid-primitives/static-store': 0.1.2(solid-js@1.9.9)
      '@solid-primitives/utils': 6.3.2(solid-js@1.9.9)
      solid-js: 1.9.9

  '@solid-primitives/event-listener@2.4.3(solid-js@1.9.9)':
    dependencies:
      '@solid-primitives/utils': 6.3.2(solid-js@1.9.9)
      solid-js: 1.9.9

  '@solid-primitives/keyboard@1.3.3(solid-js@1.9.9)':
    dependencies:
      '@solid-primitives/event-listener': 2.4.3(solid-js@1.9.9)
      '@solid-primitives/rootless': 1.5.2(solid-js@1.9.9)
      '@solid-primitives/utils': 6.3.2(solid-js@1.9.9)
      solid-js: 1.9.9

  '@solid-primitives/media@2.3.3(solid-js@1.9.9)':
    dependencies:
      '@solid-primitives/event-listener': 2.4.3(solid-js@1.9.9)
      '@solid-primitives/rootless': 1.5.2(solid-js@1.9.9)
      '@solid-primitives/static-store': 0.1.2(solid-js@1.9.9)
      '@solid-primitives/utils': 6.3.2(solid-js@1.9.9)
      solid-js: 1.9.9

  '@solid-primitives/refs@1.1.2(solid-js@1.9.9)':
    dependencies:
      '@solid-primitives/utils': 6.3.2(solid-js@1.9.9)
      solid-js: 1.9.9

  '@solid-primitives/resize-observer@2.1.3(solid-js@1.9.9)':
    dependencies:
      '@solid-primitives/event-listener': 2.4.3(solid-js@1.9.9)
      '@solid-primitives/rootless': 1.5.2(solid-js@1.9.9)
      '@solid-primitives/static-store': 0.1.2(solid-js@1.9.9)
      '@solid-primitives/utils': 6.3.2(solid-js@1.9.9)
      solid-js: 1.9.9

  '@solid-primitives/rootless@1.5.2(solid-js@1.9.9)':
    dependencies:
      '@solid-primitives/utils': 6.3.2(solid-js@1.9.9)
      solid-js: 1.9.9

  '@solid-primitives/scheduled@1.5.2(solid-js@1.9.9)':
    dependencies:
      solid-js: 1.9.9

  '@solid-primitives/static-store@0.1.2(solid-js@1.9.9)':
    dependencies:
      '@solid-primitives/utils': 6.3.2(solid-js@1.9.9)
      solid-js: 1.9.9

  '@solid-primitives/styles@0.1.2(solid-js@1.9.9)':
    dependencies:
      '@solid-primitives/rootless': 1.5.2(solid-js@1.9.9)
      '@solid-primitives/utils': 6.3.2(solid-js@1.9.9)
      solid-js: 1.9.9

  '@solid-primitives/utils@6.3.2(solid-js@1.9.9)':
    dependencies:
      solid-js: 1.9.9

  '@solidjs/meta@0.29.4(solid-js@1.9.9)':
    dependencies:
      solid-js: 1.9.9

  '@standard-schema/spec@1.0.0': {}

  '@tanstack/history@1.132.21': {}

  '@tanstack/router-core@1.132.21':
    dependencies:
      '@tanstack/history': 1.132.21
      '@tanstack/store': 0.7.7
      cookie-es: 2.0.0
      seroval: 1.3.2
      seroval-plugins: 1.3.3(seroval@1.3.2)
      tiny-invariant: 1.3.3
      tiny-warning: 1.0.3

  '@tanstack/solid-router@1.132.25(solid-js@1.9.9)':
    dependencies:
      '@solid-devtools/logger': 0.9.11(solid-js@1.9.9)
      '@solid-primitives/refs': 1.1.2(solid-js@1.9.9)
      '@solidjs/meta': 0.29.4(solid-js@1.9.9)
      '@tanstack/history': 1.132.21
      '@tanstack/router-core': 1.132.21
      '@tanstack/solid-store': 0.7.0(solid-js@1.9.9)
      isbot: 5.1.31
      solid-js: 1.9.9
      tiny-invariant: 1.3.3
      tiny-warning: 1.0.3

  '@tanstack/solid-store@0.7.0(solid-js@1.9.9)':
    dependencies:
      '@tanstack/store': 0.7.0
      solid-js: 1.9.9

  '@tanstack/store@0.7.0': {}

  '@tanstack/store@0.7.7': {}

  '@types/node@24.6.0':
    dependencies:
      undici-types: 7.13.0

  cookie-es@2.0.0: {}

  csstype@3.1.3: {}

  isbot@5.1.31: {}

  prettier@3.6.2: {}

  seroval-plugins@1.3.3(seroval@1.3.2):
    dependencies:
      seroval: 1.3.2

  seroval@1.3.2: {}

  solid-js@1.9.9:
    dependencies:
      csstype: 3.1.3
      seroval: 1.3.2
      seroval-plugins: 1.3.3(seroval@1.3.2)

  tiny-invariant@1.3.3: {}

  tiny-warning@1.0.3: {}

  turbo-darwin-64@2.5.8:
    optional: true

  turbo-darwin-arm64@2.5.8:
    optional: true

  turbo-linux-64@2.5.8:
    optional: true

  turbo-linux-arm64@2.5.8:
    optional: true

  turbo-windows-64@2.5.8:
    optional: true

  turbo-windows-arm64@2.5.8:
    optional: true

  turbo@2.5.8:
    optionalDependencies:
      turbo-darwin-64: 2.5.8
      turbo-darwin-arm64: 2.5.8
      turbo-linux-64: 2.5.8
      turbo-linux-arm64: 2.5.8
      turbo-windows-64: 2.5.8
      turbo-windows-arm64: 2.5.8

  typescript@5.9.2: {}

  undici-types@7.13.0: {}
